
Microsoft Visual Studio Solution File, Format Version 12.00
# Visual Studio Version 17
VisualStudioVersion = 17.3.32804.467
MinimumVisualStudioVersion = 10.0.40219.1
Project("{9A19103F-16F7-4668-BE54-9A1E7A4F7556}") = "Domain", "Core\Domain\Domain.csproj", "{7AF29557-7EE5-48C3-881C-2781581AA37D}"
EndProject
Project("{9A19103F-16F7-4668-BE54-9A1E7A4F7556}") = "Application", "Core\Application\Application.csproj", "{EBA5C84B-C626-435C-911F-01704BBC95C8}"
EndProject
Project("{9A19103F-16F7-4668-BE54-9A1E7A4F7556}") = "Infrastructure", "Infrastructure\Infrastructure\Infrastructure.csproj", "{0B7DCC21-A191-4989-B875-E44A29003B15}"
	ProjectSection(ProjectDependencies) = postProject
		{7AF29557-7EE5-48C3-881C-2781581AA37D} = {7AF29557-7EE5-48C3-881C-2781581AA37D}
		{EBA5C84B-C626-435C-911F-01704BBC95C8} = {EBA5C84B-C626-435C-911F-01704BBC95C8}
	EndProjectSection
EndProject
Project("{9A19103F-16F7-4668-BE54-9A1E7A4F7556}") = "Persistence.EF", "Persistence\Persistence.EF\Persistence.EF.csproj", "{0FDB63A4-2A1C-4A04-AD06-880FD28F15D8}"
	ProjectSection(ProjectDependencies) = postProject
		{7AF29557-7EE5-48C3-881C-2781581AA37D} = {7AF29557-7EE5-48C3-881C-2781581AA37D}
		{EBA5C84B-C626-435C-911F-01704BBC95C8} = {EBA5C84B-C626-435C-911F-01704BBC95C8}
	EndProjectSection
EndProject
Project("{9A19103F-16F7-4668-BE54-9A1E7A4F7556}") = "Common", "Common\Common.csproj", "{98E197AC-9B19-48A7-9E59-C163D9A388A2}"
EndProject
Project("{2150E333-8FDC-42A3-9474-1A3956D46DE8}") = "Core", "Core", "{E1B9A653-95F2-4C0D-BEE1-5313400AC683}"
EndProject
Project("{2150E333-8FDC-42A3-9474-1A3956D46DE8}") = "Persistence", "Persistence", "{0FD11C58-1DE5-4026-A19D-D166CA1EB9D7}"
EndProject
Project("{2150E333-8FDC-42A3-9474-1A3956D46DE8}") = "Presentation", "Presentation", "{A0A8F68E-7F9A-43B7-82C4-0B9F17B5A127}"
EndProject
Project("{2150E333-8FDC-42A3-9474-1A3956D46DE8}") = "API", "API", "{7E8DB846-3631-47BE-8285-F49CF05ACEF2}"
EndProject
Project("{2150E333-8FDC-42A3-9474-1A3956D46DE8}") = "Infrastructure", "Infrastructure", "{72920D3F-6317-4A5E-9806-589FA77D2B98}"
EndProject
Project("{2150E333-8FDC-42A3-9474-1A3956D46DE8}") = "Tests", "Tests", "{D8DC5F35-8EF5-4975-8319-DA1A502018DA}"
EndProject
Project("{9A19103F-16F7-4668-BE54-9A1E7A4F7556}") = "Domain.Test", "Tests\Domain.Test\Domain.Test.csproj", "{B66979CD-7051-4020-8424-1909AE03A79A}"
EndProject
Project("{FAE04EC0-301F-11D3-BF4B-00C04F79EFBC}") = "Application.Test", "Tests\Application.Test\Application.Test.csproj", "{BFD3E13A-0E68-4181-8D3F-CA317509116D}"
EndProject
Project("{FAE04EC0-301F-11D3-BF4B-00C04F79EFBC}") = "Presistence.Test", "Tests\Presistence.Test\Presistence.Test.csproj", "{6D5C107E-2F7C-4C99-88A1-B3D172752CF9}"
EndProject
Project("{FAE04EC0-301F-11D3-BF4B-00C04F79EFBC}") = "WebAPI", "Presentation\API\WebAPI\WebAPI.csproj", "{E8E1B31E-6453-40C5-9CDE-72961C05C675}"
EndProject
Project("{FAE04EC0-301F-11D3-BF4B-00C04F79EFBC}") = "WebAPI.Configuration", "Presentation\API\WebAPI.Configuration\WebAPI.Configuration.csproj", "{4A059142-D491-4164-BAF7-E33A84979DE9}"
EndProject
Project("{E53339B2-1760-4266-BCC7-CA923CBCF16C}") = "docker-compose", "docker-compose.dcproj", "{87A81AAB-24C4-4F2E-93AF-E5A843C16E3F}"
EndProject
Global
	GlobalSection(SolutionConfigurationPlatforms) = preSolution
		Debug|Any CPU = Debug|Any CPU
		Release|Any CPU = Release|Any CPU
	EndGlobalSection
	GlobalSection(ProjectConfigurationPlatforms) = postSolution
		{7AF29557-7EE5-48C3-881C-2781581AA37D}.Debug|Any CPU.ActiveCfg = Debug|Any CPU
		{7AF29557-7EE5-48C3-881C-2781581AA37D}.Debug|Any CPU.Build.0 = Debug|Any CPU
		{7AF29557-7EE5-48C3-881C-2781581AA37D}.Release|Any CPU.ActiveCfg = Release|Any CPU
		{7AF29557-7EE5-48C3-881C-2781581AA37D}.Release|Any CPU.Build.0 = Release|Any CPU
		{EBA5C84B-C626-435C-911F-01704BBC95C8}.Debug|Any CPU.ActiveCfg = Debug|Any CPU
		{EBA5C84B-C626-435C-911F-01704BBC95C8}.Debug|Any CPU.Build.0 = Debug|Any CPU
		{EBA5C84B-C626-435C-911F-01704BBC95C8}.Release|Any CPU.ActiveCfg = Release|Any CPU
		{EBA5C84B-C626-435C-911F-01704BBC95C8}.Release|Any CPU.Build.0 = Release|Any CPU
		{0B7DCC21-A191-4989-B875-E44A29003B15}.Debug|Any CPU.ActiveCfg = Debug|Any CPU
		{0B7DCC21-A191-4989-B875-E44A29003B15}.Debug|Any CPU.Build.0 = Debug|Any CPU
		{0B7DCC21-A191-4989-B875-E44A29003B15}.Release|Any CPU.ActiveCfg = Release|Any CPU
		{0B7DCC21-A191-4989-B875-E44A29003B15}.Release|Any CPU.Build.0 = Release|Any CPU
		{0FDB63A4-2A1C-4A04-AD06-880FD28F15D8}.Debug|Any CPU.ActiveCfg = Debug|Any CPU
		{0FDB63A4-2A1C-4A04-AD06-880FD28F15D8}.Debug|Any CPU.Build.0 = Debug|Any CPU
		{0FDB63A4-2A1C-4A04-AD06-880FD28F15D8}.Release|Any CPU.ActiveCfg = Release|Any CPU
		{0FDB63A4-2A1C-4A04-AD06-880FD28F15D8}.Release|Any CPU.Build.0 = Release|Any CPU
		{98E197AC-9B19-48A7-9E59-C163D9A388A2}.Debug|Any CPU.ActiveCfg = Debug|Any CPU
		{98E197AC-9B19-48A7-9E59-C163D9A388A2}.Debug|Any CPU.Build.0 = Debug|Any CPU
		{98E197AC-9B19-48A7-9E59-C163D9A388A2}.Release|Any CPU.ActiveCfg = Release|Any CPU
		{98E197AC-9B19-48A7-9E59-C163D9A388A2}.Release|Any CPU.Build.0 = Release|Any CPU
		{B66979CD-7051-4020-8424-1909AE03A79A}.Debug|Any CPU.ActiveCfg = Debug|Any CPU
		{B66979CD-7051-4020-8424-1909AE03A79A}.Debug|Any CPU.Build.0 = Debug|Any CPU
		{B66979CD-7051-4020-8424-1909AE03A79A}.Release|Any CPU.ActiveCfg = Release|Any CPU
		{B66979CD-7051-4020-8424-1909AE03A79A}.Release|Any CPU.Build.0 = Release|Any CPU
		{BFD3E13A-0E68-4181-8D3F-CA317509116D}.Debug|Any CPU.ActiveCfg = Debug|Any CPU
		{BFD3E13A-0E68-4181-8D3F-CA317509116D}.Debug|Any CPU.Build.0 = Debug|Any CPU
		{BFD3E13A-0E68-4181-8D3F-CA317509116D}.Release|Any CPU.ActiveCfg = Release|Any CPU
		{BFD3E13A-0E68-4181-8D3F-CA317509116D}.Release|Any CPU.Build.0 = Release|Any CPU
		{6D5C107E-2F7C-4C99-88A1-B3D172752CF9}.Debug|Any CPU.ActiveCfg = Debug|Any CPU
		{6D5C107E-2F7C-4C99-88A1-B3D172752CF9}.Debug|Any CPU.Build.0 = Debug|Any CPU
		{6D5C107E-2F7C-4C99-88A1-B3D172752CF9}.Release|Any CPU.ActiveCfg = Release|Any CPU
		{6D5C107E-2F7C-4C99-88A1-B3D172752CF9}.Release|Any CPU.Build.0 = Release|Any CPU
		{E8E1B31E-6453-40C5-9CDE-72961C05C675}.Debug|Any CPU.ActiveCfg = Debug|Any CPU
		{E8E1B31E-6453-40C5-9CDE-72961C05C675}.Debug|Any CPU.Build.0 = Debug|Any CPU
		{E8E1B31E-6453-40C5-9CDE-72961C05C675}.Release|Any CPU.ActiveCfg = Release|Any CPU
		{E8E1B31E-6453-40C5-9CDE-72961C05C675}.Release|Any CPU.Build.0 = Release|Any CPU
		{4A059142-D491-4164-BAF7-E33A84979DE9}.Debug|Any CPU.ActiveCfg = Debug|Any CPU
		{4A059142-D491-4164-BAF7-E33A84979DE9}.Debug|Any CPU.Build.0 = Debug|Any CPU
		{4A059142-D491-4164-BAF7-E33A84979DE9}.Release|Any CPU.ActiveCfg = Release|Any CPU
		{4A059142-D491-4164-BAF7-E33A84979DE9}.Release|Any CPU.Build.0 = Release|Any CPU
		{87A81AAB-24C4-4F2E-93AF-E5A843C16E3F}.Debug|Any CPU.ActiveCfg = Debug|Any CPU
		{87A81AAB-24C4-4F2E-93AF-E5A843C16E3F}.Debug|Any CPU.Build.0 = Debug|Any CPU
		{87A81AAB-24C4-4F2E-93AF-E5A843C16E3F}.Release|Any CPU.ActiveCfg = Release|Any CPU
		{87A81AAB-24C4-4F2E-93AF-E5A843C16E3F}.Release|Any CPU.Build.0 = Release|Any CPU
	EndGlobalSection
	GlobalSection(SolutionProperties) = preSolution
		HideSolutionNode = FALSE
	EndGlobalSection
	GlobalSection(NestedProjects) = preSolution
		{7AF29557-7EE5-48C3-881C-2781581AA37D} = {E1B9A653-95F2-4C0D-BEE1-5313400AC683}
		{EBA5C84B-C626-435C-911F-01704BBC95C8} = {E1B9A653-95F2-4C0D-BEE1-5313400AC683}
		{0B7DCC21-A191-4989-B875-E44A29003B15} = {72920D3F-6317-4A5E-9806-589FA77D2B98}
		{0FDB63A4-2A1C-4A04-AD06-880FD28F15D8} = {0FD11C58-1DE5-4026-A19D-D166CA1EB9D7}
		{7E8DB846-3631-47BE-8285-F49CF05ACEF2} = {A0A8F68E-7F9A-43B7-82C4-0B9F17B5A127}
		{B66979CD-7051-4020-8424-1909AE03A79A} = {D8DC5F35-8EF5-4975-8319-DA1A502018DA}
		{BFD3E13A-0E68-4181-8D3F-CA317509116D} = {D8DC5F35-8EF5-4975-8319-DA1A502018DA}
		{6D5C107E-2F7C-4C99-88A1-B3D172752CF9} = {D8DC5F35-8EF5-4975-8319-DA1A502018DA}
		{E8E1B31E-6453-40C5-9CDE-72961C05C675} = {7E8DB846-3631-47BE-8285-F49CF05ACEF2}
		{4A059142-D491-4164-BAF7-E33A84979DE9} = {7E8DB846-3631-47BE-8285-F49CF05ACEF2}
	EndGlobalSection
	GlobalSection(ExtensibilityGlobals) = postSolution
		SolutionGuid = {5E19D0E8-B96E-45A2-8758-9B34D25A5F72}
	EndGlobalSection
EndGlobal
